
Microsoft Visual Studio Solution File, Format Version 12.00
# Visual Studio Version 16
VisualStudioVersion = 16.0.31213.239
MinimumVisualStudioVersion = 10.0.40219.1
Project("{888888A0-9F3D-457C-B088-3A5042F75D52}") = "NewProgram", "NewProgram\NewProgram.pyproj", "{CE353718-D0CD-423E-8328-672CA7EF596E}"
EndProject
Global
	GlobalSection(SolutionConfigurationPlatforms) = preSolution
		Debug|Any CPU = Debug|Any CPU
		Release|Any CPU = Release|Any CPU
	EndGlobalSection
	GlobalSection(ProjectConfigurationPlatforms) = postSolution
		{CE353718-D0CD-423E-8328-672CA7EF596E}.Debug|Any CPU.ActiveCfg = Debug|Any CPU
		{CE353718-D0CD-423E-8328-672CA7EF596E}.Release|Any CPU.ActiveCfg = Release|Any CPU
	EndGlobalSection
	GlobalSection(SolutionProperties) = preSolution
		HideSolutionNode = FALSE
	EndGlobalSection
	GlobalSection(ExtensibilityGlobals) = postSolution
		SolutionGuid = {46713D32-C5D2-42F9-B48B-04012EA99512}
	EndGlobalSection
EndGlobal
